
Microsoft Visual Studio Solution File, Format Version 12.00
# Visual Studio 2013
VisualStudioVersion = 12.0.21005.1
MinimumVisualStudioVersion = 10.0.40219.1
Project("{FAE04EC0-301F-11D3-BF4B-00C04F79EFBC}") = "Rollin The Dice", "Rollin The Dice\Rollin The Dice.csproj", "{74CCE9D0-69ED-44A9-92AC-4672989B78E9}"
EndProject
Project("{2150E333-8FDC-42A3-9474-1A3956D46DE8}") = "Solution Items", "Solution Items", "{9744B593-E5F2-4576-AEA0-835CE29F4E2B}"
EndProject
Global
	GlobalSection(SolutionConfigurationPlatforms) = preSolution
		Debug|Any CPU = Debug|Any CPU
		Release|Any CPU = Release|Any CPU
	EndGlobalSection
	GlobalSection(ProjectConfigurationPlatforms) = postSolution
		{74CCE9D0-69ED-44A9-92AC-4672989B78E9}.Debug|Any CPU.ActiveCfg = Debug|Any CPU
		{74CCE9D0-69ED-44A9-92AC-4672989B78E9}.Debug|Any CPU.Build.0 = Debug|Any CPU
		{74CCE9D0-69ED-44A9-92AC-4672989B78E9}.Release|Any CPU.ActiveCfg = Release|Any CPU
		{74CCE9D0-69ED-44A9-92AC-4672989B78E9}.Release|Any CPU.Build.0 = Release|Any CPU
	EndGlobalSection
	GlobalSection(SolutionProperties) = preSolution
		HideSolutionNode = FALSE
	EndGlobalSection
EndGlobal
